
Microsoft Visual Studio Solution File, Format Version 12.00
# Visual Studio Version 17
VisualStudioVersion = 17.10.35013.160
MinimumVisualStudioVersion = 10.0.40219.1
Project("{FAE04EC0-301F-11D3-BF4B-00C04F79EFBC}") = "Lists of Numbers", "Lists of Numbers\Lists of Numbers.csproj", "{A7513685-BCE2-4661-A35C-15B7609533D0}"
EndProject
Global
	GlobalSection(SolutionConfigurationPlatforms) = preSolution
		Debug|Any CPU = Debug|Any CPU
		Release|Any CPU = Release|Any CPU
	EndGlobalSection
	GlobalSection(ProjectConfigurationPlatforms) = postSolution
		{A7513685-BCE2-4661-A35C-15B7609533D0}.Debug|Any CPU.ActiveCfg = Debug|Any CPU
		{A7513685-BCE2-4661-A35C-15B7609533D0}.Debug|Any CPU.Build.0 = Debug|Any CPU
		{A7513685-BCE2-4661-A35C-15B7609533D0}.Release|Any CPU.ActiveCfg = Release|Any CPU
		{A7513685-BCE2-4661-A35C-15B7609533D0}.Release|Any CPU.Build.0 = Release|Any CPU
	EndGlobalSection
	GlobalSection(SolutionProperties) = preSolution
		HideSolutionNode = FALSE
	EndGlobalSection
	GlobalSection(ExtensibilityGlobals) = postSolution
		SolutionGuid = {488ADDB1-C8C8-4EBF-BC53-88135AE3C4D7}
	EndGlobalSection
EndGlobal
